
Microsoft Visual Studio Solution File, Format Version 12.00
# Visual Studio Version 17
VisualStudioVersion = 17.11.35303.130
MinimumVisualStudioVersion = 10.0.40219.1
Project("{9A19103F-16F7-4668-BE54-9A1E7A4F7556}") = "ITIApp1", "ITIApp1\ITIApp1.csproj", "{307D8838-85D8-4503-A1F2-63924E15DC96}"
EndProject
Project("{9A19103F-16F7-4668-BE54-9A1E7A4F7556}") = "Models", "Models\Models.csproj", "{D3094645-4A8D-4554-9F4F-46AAB9F489F7}"
EndProject
Project("{2150E333-8FDC-42A3-9474-1A3956D46DE8}") = "Solution Items", "Solution Items", "{BE64EDD6-4C75-48D9-AC95-F76EE54964BB}"
	ProjectSection(SolutionItems) = preProject
		.editorconfig = .editorconfig
	EndProjectSection
EndProject
Project("{9A19103F-16F7-4668-BE54-9A1E7A4F7556}") = "Manager", "Manager\Manager.csproj", "{AFDEB605-2496-4D86-9EF6-5BA12933CEA8}"
EndProject
Project("{FAE04EC0-301F-11D3-BF4B-00C04F79EFBC}") = "ViewModel", "ViewModel\ViewModel.csproj", "{E41414BB-377D-4629-A8B3-4B21D66DBA13}"
EndProject
Global
	GlobalSection(SolutionConfigurationPlatforms) = preSolution
		Debug|Any CPU = Debug|Any CPU
		Release|Any CPU = Release|Any CPU
	EndGlobalSection
	GlobalSection(ProjectConfigurationPlatforms) = postSolution
		{307D8838-85D8-4503-A1F2-63924E15DC96}.Debug|Any CPU.ActiveCfg = Debug|Any CPU
		{307D8838-85D8-4503-A1F2-63924E15DC96}.Debug|Any CPU.Build.0 = Debug|Any CPU
		{307D8838-85D8-4503-A1F2-63924E15DC96}.Release|Any CPU.ActiveCfg = Release|Any CPU
		{307D8838-85D8-4503-A1F2-63924E15DC96}.Release|Any CPU.Build.0 = Release|Any CPU
		{D3094645-4A8D-4554-9F4F-46AAB9F489F7}.Debug|Any CPU.ActiveCfg = Debug|Any CPU
		{D3094645-4A8D-4554-9F4F-46AAB9F489F7}.Debug|Any CPU.Build.0 = Debug|Any CPU
		{D3094645-4A8D-4554-9F4F-46AAB9F489F7}.Release|Any CPU.ActiveCfg = Release|Any CPU
		{D3094645-4A8D-4554-9F4F-46AAB9F489F7}.Release|Any CPU.Build.0 = Release|Any CPU
		{AFDEB605-2496-4D86-9EF6-5BA12933CEA8}.Debug|Any CPU.ActiveCfg = Debug|Any CPU
		{AFDEB605-2496-4D86-9EF6-5BA12933CEA8}.Debug|Any CPU.Build.0 = Debug|Any CPU
		{AFDEB605-2496-4D86-9EF6-5BA12933CEA8}.Release|Any CPU.ActiveCfg = Release|Any CPU
		{AFDEB605-2496-4D86-9EF6-5BA12933CEA8}.Release|Any CPU.Build.0 = Release|Any CPU
		{E41414BB-377D-4629-A8B3-4B21D66DBA13}.Debug|Any CPU.ActiveCfg = Debug|Any CPU
		{E41414BB-377D-4629-A8B3-4B21D66DBA13}.Debug|Any CPU.Build.0 = Debug|Any CPU
		{E41414BB-377D-4629-A8B3-4B21D66DBA13}.Release|Any CPU.ActiveCfg = Release|Any CPU
		{E41414BB-377D-4629-A8B3-4B21D66DBA13}.Release|Any CPU.Build.0 = Release|Any CPU
	EndGlobalSection
	GlobalSection(SolutionProperties) = preSolution
		HideSolutionNode = FALSE
	EndGlobalSection
	GlobalSection(ExtensibilityGlobals) = postSolution
		SolutionGuid = {C3BBE535-031E-474B-B9C2-2DD3F747A847}
	EndGlobalSection
EndGlobal
